{
  "nodes": {
    "flake-utils": {
      "inputs": {
        "systems": "systems"
      },
      "locked": {
        "lastModified": 1701680307,
        "narHash": "sha256-kAuep2h5ajznlPMD9rnQyffWG8EM/C73lejGofXvdM8=",
        "owner": "numtide",
        "repo": "flake-utils",
        "rev": "4022d587cbbfd70fe950c1e2083a02621806a725",
        "type": "github"
      },
      "original": {
        "owner": "numtide",
        "repo": "flake-utils",
        "type": "github"
      }
    },
    "flake-utils_2": {
      "locked": {
        "lastModified": 1667395993,
        "narHash": "sha256-nuEHfE/LcWyuSWnS8t12N1wc105Qtau+/OdUAjtQ0rA=",
        "owner": "numtide",
        "repo": "flake-utils",
        "rev": "5aed5285a952e0b949eb3ba02c12fa4fcfef535f",
        "type": "github"
      },
      "original": {
        "owner": "numtide",
        "repo": "flake-utils",
        "type": "github"
      }
    },
    "gitignore": {
      "inputs": {
        "nixpkgs": [
          "templ",
          "nixpkgs"
        ]
      },
      "locked": {
        "lastModified": 1694102001,
        "narHash": "sha256-vky6VPK1n1od6vXbqzOXnekrQpTL4hbPAwUhT5J9c9E=",
        "owner": "hercules-ci",
        "repo": "gitignore.nix",
        "rev": "9e21c80adf67ebcb077d75bd5e7d724d21eeafd6",
        "type": "github"
      },
      "original": {
        "owner": "hercules-ci",
        "repo": "gitignore.nix",
        "type": "github"
      }
    },
    "gomod2nix": {
      "inputs": {
        "flake-utils": [
          "flake-utils"
        ],
        "nixpkgs": [
          "nixpkgs"
        ]
      },
      "locked": {
        "lastModified": 1701687253,
        "narHash": "sha256-qJCMxIKWXonJODPF2oV7mCd0xu7VYVenTucrY0bizto=",
        "owner": "nix-community",
        "repo": "gomod2nix",
        "rev": "001bbfa22e2adeb87c34c6015e5694e88721cabe",
        "type": "github"
      },
      "original": {
        "owner": "nix-community",
        "repo": "gomod2nix",
        "type": "github"
      }
    },
    "nixpkgs": {
      "locked": {
        "lastModified": 1702312524,
        "narHash": "sha256-gkZJRDBUCpTPBvQk25G0B7vfbpEYM5s5OZqghkjZsnE=",
        "owner": "NixOS",
        "repo": "nixpkgs",
        "rev": "a9bf124c46ef298113270b1f84a164865987a91c",
        "type": "github"
      },
      "original": {
        "owner": "NixOS",
        "ref": "nixos-unstable",
        "repo": "nixpkgs",
        "type": "github"
      }
    },
    "nixpkgs_2": {
      "locked": {
        "lastModified": 1694422566,
        "narHash": "sha256-lHJ+A9esOz9vln/3CJG23FV6Wd2OoOFbDeEs4cMGMqc=",
        "owner": "NixOS",
        "repo": "nixpkgs",
        "rev": "3a2786eea085f040a66ecde1bc3ddc7099f6dbeb",
        "type": "github"
      },
      "original": {
        "owner": "NixOS",
        "ref": "nixos-unstable",
        "repo": "nixpkgs",
        "type": "github"
      }
    },
    "root": {
      "inputs": {
        "flake-utils": "flake-utils",
        "gomod2nix": "gomod2nix",
        "nixpkgs": "nixpkgs",
        "templ": "templ"
      }
    },
    "systems": {
      "locked": {
        "lastModified": 1681028828,
        "narHash": "sha256-Vy1rq5AaRuLzOxct8nz4T6wlgyUR7zLU309k9mBC768=",
        "owner": "nix-systems",
        "repo": "default",
        "rev": "da67096a3b9bf56a91d16901293e51ba5b49a27e",
        "type": "github"
      },
      "original": {
        "owner": "nix-systems",
        "repo": "default",
        "type": "github"
      }
    },
    "templ": {
      "inputs": {
        "gitignore": "gitignore",
        "nixpkgs": "nixpkgs_2",
        "xc": "xc"
      },
      "locked": {
        "lastModified": 1706707536,
        "narHash": "sha256-obwZCx1P/6REPal8XUoX6bgBbfvoiBM2SGkoGGTlvRc=",
        "owner": "a-h",
        "repo": "templ",
        "rev": "ef6d137cee2dd8ba7dd83dd40fb840a66c206d48",
        "type": "github"
      },
      "original": {
        "owner": "a-h",
        "repo": "templ",
        "type": "github"
      }
    },
    "xc": {
      "inputs": {
        "flake-utils": "flake-utils_2",
        "nixpkgs": [
          "templ",
          "nixpkgs"
        ]
      },
      "locked": {
        "lastModified": 1703164129,
        "narHash": "sha256-kCcCqqwvjN07H8FPG4tXsRVRcMqT8dUNt9pwW1kKAe8=",
        "owner": "joerdav",
        "repo": "xc",
        "rev": "0655cccfcf036556aeaddfb8f45dc7e8dd1b3680",
        "type": "github"
      },
      "original": {
        "owner": "joerdav",
        "repo": "xc",
        "type": "github"
      }
    }
  },
  "root": "root",
  "version": 7
}
